
Microsoft Visual Studio Solution File, Format Version 12.00
# Visual Studio Version 17
VisualStudioVersion = 17.5.33424.131
MinimumVisualStudioVersion = 10.0.40219.1
Project("{FAE04EC0-301F-11D3-BF4B-00C04F79EFBC}") = "Day3", "Day3.csproj", "{ABB27DFA-C60E-46E2-B433-50FE34721738}"
EndProject
Global
	GlobalSection(SolutionConfigurationPlatforms) = preSolution
		Debug|Any CPU = Debug|Any CPU
		Release|Any CPU = Release|Any CPU
	EndGlobalSection
	GlobalSection(ProjectConfigurationPlatforms) = postSolution
		{ABB27DFA-C60E-46E2-B433-50FE34721738}.Debug|Any CPU.ActiveCfg = Debug|Any CPU
		{ABB27DFA-C60E-46E2-B433-50FE34721738}.Debug|Any CPU.Build.0 = Debug|Any CPU
		{ABB27DFA-C60E-46E2-B433-50FE34721738}.Release|Any CPU.ActiveCfg = Release|Any CPU
		{ABB27DFA-C60E-46E2-B433-50FE34721738}.Release|Any CPU.Build.0 = Release|Any CPU
	EndGlobalSection
	GlobalSection(SolutionProperties) = preSolution
		HideSolutionNode = FALSE
	EndGlobalSection
	GlobalSection(ExtensibilityGlobals) = postSolution
		SolutionGuid = {A87F921E-6042-476E-9387-A213267B623B}
	EndGlobalSection
EndGlobal
